
Microsoft Visual Studio Solution File, Format Version 12.00
# Visual Studio 2012
Project("{FAE04EC0-301F-11D3-BF4B-00C04F79EFBC}") = "01.CalculateSquareRoot", "01.CalculateSquareRoot\01.CalculateSquareRoot.csproj", "{3B43769F-EE85-428A-8244-CBC95DDA0602}"
EndProject
Project("{FAE04EC0-301F-11D3-BF4B-00C04F79EFBC}") = "02.NumberInGivenRange", "02.NumberInGivenRange\02.NumberInGivenRange.csproj", "{EE001294-1D9E-4CF2-8EB3-D69DD186E53F}"
EndProject
Project("{FAE04EC0-301F-11D3-BF4B-00C04F79EFBC}") = "03.ReadFileContent", "03.ReadFileContent\03.ReadFileContent.csproj", "{C4AAEAE1-8C1E-40DA-8833-B76499BCFEE3}"
EndProject
Project("{FAE04EC0-301F-11D3-BF4B-00C04F79EFBC}") = "04.DownloadFile", "04.DownloadFile\04.DownloadFile.csproj", "{B78D1F00-6D71-4442-A220-C0E1FB1F8801}"
EndProject
Global
	GlobalSection(SolutionConfigurationPlatforms) = preSolution
		Debug|Any CPU = Debug|Any CPU
		Release|Any CPU = Release|Any CPU
	EndGlobalSection
	GlobalSection(ProjectConfigurationPlatforms) = postSolution
		{3B43769F-EE85-428A-8244-CBC95DDA0602}.Debug|Any CPU.ActiveCfg = Debug|Any CPU
		{3B43769F-EE85-428A-8244-CBC95DDA0602}.Debug|Any CPU.Build.0 = Debug|Any CPU
		{3B43769F-EE85-428A-8244-CBC95DDA0602}.Release|Any CPU.ActiveCfg = Release|Any CPU
		{3B43769F-EE85-428A-8244-CBC95DDA0602}.Release|Any CPU.Build.0 = Release|Any CPU
		{EE001294-1D9E-4CF2-8EB3-D69DD186E53F}.Debug|Any CPU.ActiveCfg = Debug|Any CPU
		{EE001294-1D9E-4CF2-8EB3-D69DD186E53F}.Debug|Any CPU.Build.0 = Debug|Any CPU
		{EE001294-1D9E-4CF2-8EB3-D69DD186E53F}.Release|Any CPU.ActiveCfg = Release|Any CPU
		{EE001294-1D9E-4CF2-8EB3-D69DD186E53F}.Release|Any CPU.Build.0 = Release|Any CPU
		{C4AAEAE1-8C1E-40DA-8833-B76499BCFEE3}.Debug|Any CPU.ActiveCfg = Debug|Any CPU
		{C4AAEAE1-8C1E-40DA-8833-B76499BCFEE3}.Debug|Any CPU.Build.0 = Debug|Any CPU
		{C4AAEAE1-8C1E-40DA-8833-B76499BCFEE3}.Release|Any CPU.ActiveCfg = Release|Any CPU
		{C4AAEAE1-8C1E-40DA-8833-B76499BCFEE3}.Release|Any CPU.Build.0 = Release|Any CPU
		{B78D1F00-6D71-4442-A220-C0E1FB1F8801}.Debug|Any CPU.ActiveCfg = Debug|Any CPU
		{B78D1F00-6D71-4442-A220-C0E1FB1F8801}.Debug|Any CPU.Build.0 = Debug|Any CPU
		{B78D1F00-6D71-4442-A220-C0E1FB1F8801}.Release|Any CPU.ActiveCfg = Release|Any CPU
		{B78D1F00-6D71-4442-A220-C0E1FB1F8801}.Release|Any CPU.Build.0 = Release|Any CPU
	EndGlobalSection
	GlobalSection(SolutionProperties) = preSolution
		HideSolutionNode = FALSE
	EndGlobalSection
EndGlobal
