
Microsoft Visual Studio Solution File, Format Version 12.00
# Visual Studio 2013
VisualStudioVersion = 12.0.30723.0
MinimumVisualStudioVersion = 10.0.40219.1
Project("{FAE04EC0-301F-11D3-BF4B-00C04F79EFBC}") = "01.Tribonachi", "01.Tribonachi\01.Tribonachi.csproj", "{8484470E-F3B6-42AD-A2F3-1017235C7C55}"
EndProject
Project("{FAE04EC0-301F-11D3-BF4B-00C04F79EFBC}") = "02.SuperSum", "02.SuperSum\02.SuperSum.csproj", "{C5658FB9-F569-4C53-B92E-0F919F2D03EE}"
EndProject
Project("{FAE04EC0-301F-11D3-BF4B-00C04F79EFBC}") = "03.Brackets", "03.Brackets\03.Brackets.csproj", "{73BCB2E0-E4F7-4381-B3EF-A3CBEA78DDC7}"
EndProject
Project("{FAE04EC0-301F-11D3-BF4B-00C04F79EFBC}") = "04.Guitar", "04.Guitar\04.Guitar.csproj", "{87A6D0E6-D515-4D52-8DA2-6917709915CD}"
EndProject
Project("{FAE04EC0-301F-11D3-BF4B-00C04F79EFBC}") = "05.GameOfLife", "05.GameOfLife\05.GameOfLife.csproj", "{A7DE6288-8923-4511-B970-1551443AFBED}"
EndProject
Project("{FAE04EC0-301F-11D3-BF4B-00C04F79EFBC}") = "06.SecretLanguage", "06.SecretLanguage\06.SecretLanguage.csproj", "{C7CF5462-EB61-4F64-B69F-EA540057043F}"
EndProject
Project("{FAE04EC0-301F-11D3-BF4B-00C04F79EFBC}") = "07.AcademyTasks", "07.AcademyTasks\07.AcademyTasks.csproj", "{6295BD93-2CD0-4CBA-A566-34A4CF3F94AF}"
EndProject
Project("{FAE04EC0-301F-11D3-BF4B-00C04F79EFBC}") = "08.FortuneTeller", "08.FortuneTeller\08.FortuneTeller.csproj", "{12530F33-2D22-4945-B196-0FC9CB22E846}"
EndProject
Global
	GlobalSection(SolutionConfigurationPlatforms) = preSolution
		Debug|Any CPU = Debug|Any CPU
		Release|Any CPU = Release|Any CPU
	EndGlobalSection
	GlobalSection(ProjectConfigurationPlatforms) = postSolution
		{8484470E-F3B6-42AD-A2F3-1017235C7C55}.Debug|Any CPU.ActiveCfg = Debug|Any CPU
		{8484470E-F3B6-42AD-A2F3-1017235C7C55}.Debug|Any CPU.Build.0 = Debug|Any CPU
		{8484470E-F3B6-42AD-A2F3-1017235C7C55}.Release|Any CPU.ActiveCfg = Release|Any CPU
		{8484470E-F3B6-42AD-A2F3-1017235C7C55}.Release|Any CPU.Build.0 = Release|Any CPU
		{C5658FB9-F569-4C53-B92E-0F919F2D03EE}.Debug|Any CPU.ActiveCfg = Debug|Any CPU
		{C5658FB9-F569-4C53-B92E-0F919F2D03EE}.Debug|Any CPU.Build.0 = Debug|Any CPU
		{C5658FB9-F569-4C53-B92E-0F919F2D03EE}.Release|Any CPU.ActiveCfg = Release|Any CPU
		{C5658FB9-F569-4C53-B92E-0F919F2D03EE}.Release|Any CPU.Build.0 = Release|Any CPU
		{73BCB2E0-E4F7-4381-B3EF-A3CBEA78DDC7}.Debug|Any CPU.ActiveCfg = Debug|Any CPU
		{73BCB2E0-E4F7-4381-B3EF-A3CBEA78DDC7}.Debug|Any CPU.Build.0 = Debug|Any CPU
		{73BCB2E0-E4F7-4381-B3EF-A3CBEA78DDC7}.Release|Any CPU.ActiveCfg = Release|Any CPU
		{73BCB2E0-E4F7-4381-B3EF-A3CBEA78DDC7}.Release|Any CPU.Build.0 = Release|Any CPU
		{87A6D0E6-D515-4D52-8DA2-6917709915CD}.Debug|Any CPU.ActiveCfg = Debug|Any CPU
		{87A6D0E6-D515-4D52-8DA2-6917709915CD}.Debug|Any CPU.Build.0 = Debug|Any CPU
		{87A6D0E6-D515-4D52-8DA2-6917709915CD}.Release|Any CPU.ActiveCfg = Release|Any CPU
		{87A6D0E6-D515-4D52-8DA2-6917709915CD}.Release|Any CPU.Build.0 = Release|Any CPU
		{A7DE6288-8923-4511-B970-1551443AFBED}.Debug|Any CPU.ActiveCfg = Debug|Any CPU
		{A7DE6288-8923-4511-B970-1551443AFBED}.Debug|Any CPU.Build.0 = Debug|Any CPU
		{A7DE6288-8923-4511-B970-1551443AFBED}.Release|Any CPU.ActiveCfg = Release|Any CPU
		{A7DE6288-8923-4511-B970-1551443AFBED}.Release|Any CPU.Build.0 = Release|Any CPU
		{C7CF5462-EB61-4F64-B69F-EA540057043F}.Debug|Any CPU.ActiveCfg = Debug|Any CPU
		{C7CF5462-EB61-4F64-B69F-EA540057043F}.Debug|Any CPU.Build.0 = Debug|Any CPU
		{C7CF5462-EB61-4F64-B69F-EA540057043F}.Release|Any CPU.ActiveCfg = Release|Any CPU
		{C7CF5462-EB61-4F64-B69F-EA540057043F}.Release|Any CPU.Build.0 = Release|Any CPU
		{6295BD93-2CD0-4CBA-A566-34A4CF3F94AF}.Debug|Any CPU.ActiveCfg = Debug|Any CPU
		{6295BD93-2CD0-4CBA-A566-34A4CF3F94AF}.Debug|Any CPU.Build.0 = Debug|Any CPU
		{6295BD93-2CD0-4CBA-A566-34A4CF3F94AF}.Release|Any CPU.ActiveCfg = Release|Any CPU
		{6295BD93-2CD0-4CBA-A566-34A4CF3F94AF}.Release|Any CPU.Build.0 = Release|Any CPU
		{12530F33-2D22-4945-B196-0FC9CB22E846}.Debug|Any CPU.ActiveCfg = Debug|Any CPU
		{12530F33-2D22-4945-B196-0FC9CB22E846}.Debug|Any CPU.Build.0 = Debug|Any CPU
		{12530F33-2D22-4945-B196-0FC9CB22E846}.Release|Any CPU.ActiveCfg = Release|Any CPU
		{12530F33-2D22-4945-B196-0FC9CB22E846}.Release|Any CPU.Build.0 = Release|Any CPU
	EndGlobalSection
	GlobalSection(SolutionProperties) = preSolution
		HideSolutionNode = FALSE
	EndGlobalSection
EndGlobal
