
Microsoft Visual Studio Solution File, Format Version 12.00
# Visual Studio 2013
VisualStudioVersion = 12.0.21005.1
MinimumVisualStudioVersion = 10.0.40219.1
Project("{FAE04EC0-301F-11D3-BF4B-00C04F79EFBC}") = "DurankulakNumbers", "DurankulakNumbers\DurankulakNumbers.csproj", "{BF10F0D4-AB8D-4521-BCB5-76941FE3C2CA}"
EndProject
Project("{FAE04EC0-301F-11D3-BF4B-00C04F79EFBC}") = "GenomeDecoder", "GenomeDecoder\GenomeDecoder.csproj", "{1270B71C-FA83-49B1-A7A0-1F9FF0F43C11}"
EndProject
Project("{FAE04EC0-301F-11D3-BF4B-00C04F79EFBC}") = "Slides", "Slides\Slides.csproj", "{889C64EE-1325-4930-8805-2CBDCE82AE1F}"
EndProject
Project("{FAE04EC0-301F-11D3-BF4B-00C04F79EFBC}") = "Tubes", "Tubes\Tubes.csproj", "{0381C5D5-6D34-4C07-8968-67C38FC2F304}"
EndProject
Project("{FAE04EC0-301F-11D3-BF4B-00C04F79EFBC}") = "3DStars", "3DStars\3DStars.csproj", "{A91FD488-8DEA-4BB6-B447-4A35E323743A}"
EndProject
Project("{FAE04EC0-301F-11D3-BF4B-00C04F79EFBC}") = "Guitar2011-2012", "Guitar2011-2012\Guitar2011-2012.csproj", "{DCEE8E38-5AFE-499C-8CAE-70BDF081354E}"
EndProject
Project("{FAE04EC0-301F-11D3-BF4B-00C04F79EFBC}") = "Indices08.02.2012", "Indices08.02.2012\Indices08.02.2012.csproj", "{3956D434-921E-407D-9927-54AB99A0F176}"
EndProject
Project("{FAE04EC0-301F-11D3-BF4B-00C04F79EFBC}") = "TwoIsBetterThanOne05.02.2013", "TwoIsBetterThanOne05.02.2013\TwoIsBetterThanOne05.02.2013.csproj", "{68872967-57C4-4171-81F0-774C8B527F8B}"
EndProject
Project("{FAE04EC0-301F-11D3-BF4B-00C04F79EFBC}") = "CSharpBrackets05.02.2013", "CSharpBrackets05.02.2013\CSharpBrackets05.02.2013.csproj", "{070EFF0A-FA99-479C-BC33-CCCFFD5C7C75}"
EndProject
Project("{FAE04EC0-301F-11D3-BF4B-00C04F79EFBC}") = "FTML11.02.2013", "FTML11.02.2013\FTML11.02.2013.csproj", "{14FE9863-1D4F-497F-A1EC-C306E0DC0682}"
EndProject
Project("{FAE04EC0-301F-11D3-BF4B-00C04F79EFBC}") = "BasicLanguage07.02.2012", "BasicLanguage07.02.2012\BasicLanguage07.02.2012.csproj", "{30AC3124-49B0-47E6-B328-81837D72A958}"
EndProject
Project("{FAE04EC0-301F-11D3-BF4B-00C04F79EFBC}") = "MessagesInABottle07.02.2012", "MessagesInABottle07.02.2012\MessagesInABottle07.02.2012.csproj", "{ACA4DE0D-6C0A-4873-A3B8-01308495BFEF}"
EndProject
Project("{FAE04EC0-301F-11D3-BF4B-00C04F79EFBC}") = "BombingCuboids08.02.2012", "BombingCuboids08.02.2012\BombingCuboids08.02.2012.csproj", "{6EE78060-E689-4DF2-B7B5-D0ADA33C2507}"
EndProject
Project("{FAE04EC0-301F-11D3-BF4B-00C04F79EFBC}") = "Crossword08.02.2012", "Crossword08.02.2012\Crossword08.02.2012.csproj", "{24C18E8A-9900-43C9-BD18-4E567DF734D2}"
EndProject
Project("{FAE04EC0-301F-11D3-BF4B-00C04F79EFBC}") = "Sudoku2011-2012SampleExam", "Sudoku2011-2012SampleExam\Sudoku2011-2012SampleExam.csproj", "{7F883D0D-60E6-4F74-8A36-4A85C1B2487C}"
EndProject
Project("{FAE04EC0-301F-11D3-BF4B-00C04F79EFBC}") = "Employees2011.2012Sample", "Employees2011.2012Sample\Employees2011.2012Sample.csproj", "{7D4F5ECE-3571-48F0-9661-E03B4EB65A66}"
EndProject
Project("{FAE04EC0-301F-11D3-BF4B-00C04F79EFBC}") = "Laser05.02.2013", "Laser05.02.2013\Laser05.02.2013.csproj", "{77E15807-A681-477D-A53E-6A1BD90B7A41}"
EndProject
Global
	GlobalSection(SolutionConfigurationPlatforms) = preSolution
		Debug|Any CPU = Debug|Any CPU
		Release|Any CPU = Release|Any CPU
	EndGlobalSection
	GlobalSection(ProjectConfigurationPlatforms) = postSolution
		{BF10F0D4-AB8D-4521-BCB5-76941FE3C2CA}.Debug|Any CPU.ActiveCfg = Debug|Any CPU
		{BF10F0D4-AB8D-4521-BCB5-76941FE3C2CA}.Debug|Any CPU.Build.0 = Debug|Any CPU
		{BF10F0D4-AB8D-4521-BCB5-76941FE3C2CA}.Release|Any CPU.ActiveCfg = Release|Any CPU
		{BF10F0D4-AB8D-4521-BCB5-76941FE3C2CA}.Release|Any CPU.Build.0 = Release|Any CPU
		{1270B71C-FA83-49B1-A7A0-1F9FF0F43C11}.Debug|Any CPU.ActiveCfg = Debug|Any CPU
		{1270B71C-FA83-49B1-A7A0-1F9FF0F43C11}.Debug|Any CPU.Build.0 = Debug|Any CPU
		{1270B71C-FA83-49B1-A7A0-1F9FF0F43C11}.Release|Any CPU.ActiveCfg = Release|Any CPU
		{1270B71C-FA83-49B1-A7A0-1F9FF0F43C11}.Release|Any CPU.Build.0 = Release|Any CPU
		{889C64EE-1325-4930-8805-2CBDCE82AE1F}.Debug|Any CPU.ActiveCfg = Debug|Any CPU
		{889C64EE-1325-4930-8805-2CBDCE82AE1F}.Debug|Any CPU.Build.0 = Debug|Any CPU
		{889C64EE-1325-4930-8805-2CBDCE82AE1F}.Release|Any CPU.ActiveCfg = Release|Any CPU
		{889C64EE-1325-4930-8805-2CBDCE82AE1F}.Release|Any CPU.Build.0 = Release|Any CPU
		{0381C5D5-6D34-4C07-8968-67C38FC2F304}.Debug|Any CPU.ActiveCfg = Debug|Any CPU
		{0381C5D5-6D34-4C07-8968-67C38FC2F304}.Debug|Any CPU.Build.0 = Debug|Any CPU
		{0381C5D5-6D34-4C07-8968-67C38FC2F304}.Release|Any CPU.ActiveCfg = Release|Any CPU
		{0381C5D5-6D34-4C07-8968-67C38FC2F304}.Release|Any CPU.Build.0 = Release|Any CPU
		{A91FD488-8DEA-4BB6-B447-4A35E323743A}.Debug|Any CPU.ActiveCfg = Debug|Any CPU
		{A91FD488-8DEA-4BB6-B447-4A35E323743A}.Debug|Any CPU.Build.0 = Debug|Any CPU
		{A91FD488-8DEA-4BB6-B447-4A35E323743A}.Release|Any CPU.ActiveCfg = Release|Any CPU
		{A91FD488-8DEA-4BB6-B447-4A35E323743A}.Release|Any CPU.Build.0 = Release|Any CPU
		{DCEE8E38-5AFE-499C-8CAE-70BDF081354E}.Debug|Any CPU.ActiveCfg = Debug|Any CPU
		{DCEE8E38-5AFE-499C-8CAE-70BDF081354E}.Debug|Any CPU.Build.0 = Debug|Any CPU
		{DCEE8E38-5AFE-499C-8CAE-70BDF081354E}.Release|Any CPU.ActiveCfg = Release|Any CPU
		{DCEE8E38-5AFE-499C-8CAE-70BDF081354E}.Release|Any CPU.Build.0 = Release|Any CPU
		{3956D434-921E-407D-9927-54AB99A0F176}.Debug|Any CPU.ActiveCfg = Debug|Any CPU
		{3956D434-921E-407D-9927-54AB99A0F176}.Debug|Any CPU.Build.0 = Debug|Any CPU
		{3956D434-921E-407D-9927-54AB99A0F176}.Release|Any CPU.ActiveCfg = Release|Any CPU
		{3956D434-921E-407D-9927-54AB99A0F176}.Release|Any CPU.Build.0 = Release|Any CPU
		{68872967-57C4-4171-81F0-774C8B527F8B}.Debug|Any CPU.ActiveCfg = Debug|Any CPU
		{68872967-57C4-4171-81F0-774C8B527F8B}.Debug|Any CPU.Build.0 = Debug|Any CPU
		{68872967-57C4-4171-81F0-774C8B527F8B}.Release|Any CPU.ActiveCfg = Release|Any CPU
		{68872967-57C4-4171-81F0-774C8B527F8B}.Release|Any CPU.Build.0 = Release|Any CPU
		{070EFF0A-FA99-479C-BC33-CCCFFD5C7C75}.Debug|Any CPU.ActiveCfg = Debug|Any CPU
		{070EFF0A-FA99-479C-BC33-CCCFFD5C7C75}.Debug|Any CPU.Build.0 = Debug|Any CPU
		{070EFF0A-FA99-479C-BC33-CCCFFD5C7C75}.Release|Any CPU.ActiveCfg = Release|Any CPU
		{070EFF0A-FA99-479C-BC33-CCCFFD5C7C75}.Release|Any CPU.Build.0 = Release|Any CPU
		{14FE9863-1D4F-497F-A1EC-C306E0DC0682}.Debug|Any CPU.ActiveCfg = Debug|Any CPU
		{14FE9863-1D4F-497F-A1EC-C306E0DC0682}.Debug|Any CPU.Build.0 = Debug|Any CPU
		{14FE9863-1D4F-497F-A1EC-C306E0DC0682}.Release|Any CPU.ActiveCfg = Release|Any CPU
		{14FE9863-1D4F-497F-A1EC-C306E0DC0682}.Release|Any CPU.Build.0 = Release|Any CPU
		{30AC3124-49B0-47E6-B328-81837D72A958}.Debug|Any CPU.ActiveCfg = Debug|Any CPU
		{30AC3124-49B0-47E6-B328-81837D72A958}.Debug|Any CPU.Build.0 = Debug|Any CPU
		{30AC3124-49B0-47E6-B328-81837D72A958}.Release|Any CPU.ActiveCfg = Release|Any CPU
		{30AC3124-49B0-47E6-B328-81837D72A958}.Release|Any CPU.Build.0 = Release|Any CPU
		{ACA4DE0D-6C0A-4873-A3B8-01308495BFEF}.Debug|Any CPU.ActiveCfg = Debug|Any CPU
		{ACA4DE0D-6C0A-4873-A3B8-01308495BFEF}.Debug|Any CPU.Build.0 = Debug|Any CPU
		{ACA4DE0D-6C0A-4873-A3B8-01308495BFEF}.Release|Any CPU.ActiveCfg = Release|Any CPU
		{ACA4DE0D-6C0A-4873-A3B8-01308495BFEF}.Release|Any CPU.Build.0 = Release|Any CPU
		{6EE78060-E689-4DF2-B7B5-D0ADA33C2507}.Debug|Any CPU.ActiveCfg = Debug|Any CPU
		{6EE78060-E689-4DF2-B7B5-D0ADA33C2507}.Debug|Any CPU.Build.0 = Debug|Any CPU
		{6EE78060-E689-4DF2-B7B5-D0ADA33C2507}.Release|Any CPU.ActiveCfg = Release|Any CPU
		{6EE78060-E689-4DF2-B7B5-D0ADA33C2507}.Release|Any CPU.Build.0 = Release|Any CPU
		{24C18E8A-9900-43C9-BD18-4E567DF734D2}.Debug|Any CPU.ActiveCfg = Debug|Any CPU
		{24C18E8A-9900-43C9-BD18-4E567DF734D2}.Debug|Any CPU.Build.0 = Debug|Any CPU
		{24C18E8A-9900-43C9-BD18-4E567DF734D2}.Release|Any CPU.ActiveCfg = Release|Any CPU
		{24C18E8A-9900-43C9-BD18-4E567DF734D2}.Release|Any CPU.Build.0 = Release|Any CPU
		{7F883D0D-60E6-4F74-8A36-4A85C1B2487C}.Debug|Any CPU.ActiveCfg = Debug|Any CPU
		{7F883D0D-60E6-4F74-8A36-4A85C1B2487C}.Debug|Any CPU.Build.0 = Debug|Any CPU
		{7F883D0D-60E6-4F74-8A36-4A85C1B2487C}.Release|Any CPU.ActiveCfg = Release|Any CPU
		{7F883D0D-60E6-4F74-8A36-4A85C1B2487C}.Release|Any CPU.Build.0 = Release|Any CPU
		{7D4F5ECE-3571-48F0-9661-E03B4EB65A66}.Debug|Any CPU.ActiveCfg = Debug|Any CPU
		{7D4F5ECE-3571-48F0-9661-E03B4EB65A66}.Debug|Any CPU.Build.0 = Debug|Any CPU
		{7D4F5ECE-3571-48F0-9661-E03B4EB65A66}.Release|Any CPU.ActiveCfg = Release|Any CPU
		{7D4F5ECE-3571-48F0-9661-E03B4EB65A66}.Release|Any CPU.Build.0 = Release|Any CPU
		{77E15807-A681-477D-A53E-6A1BD90B7A41}.Debug|Any CPU.ActiveCfg = Debug|Any CPU
		{77E15807-A681-477D-A53E-6A1BD90B7A41}.Debug|Any CPU.Build.0 = Debug|Any CPU
		{77E15807-A681-477D-A53E-6A1BD90B7A41}.Release|Any CPU.ActiveCfg = Release|Any CPU
		{77E15807-A681-477D-A53E-6A1BD90B7A41}.Release|Any CPU.Build.0 = Release|Any CPU
	EndGlobalSection
	GlobalSection(SolutionProperties) = preSolution
		HideSolutionNode = FALSE
	EndGlobalSection
EndGlobal
