
Microsoft Visual Studio Solution File, Format Version 12.00
# Visual Studio 2013
VisualStudioVersion = 12.0.30723.0
MinimumVisualStudioVersion = 10.0.40219.1
Project("{FAE04EC0-301F-11D3-BF4B-00C04F79EFBC}") = "ATM.Models", "ATM.Models\ATM.Models.csproj", "{05116529-61D8-46F7-A2B5-D82BEEB0067E}"
EndProject
Project("{FAE04EC0-301F-11D3-BF4B-00C04F79EFBC}") = "ATM.Data", "ATM.Data\ATM.Data.csproj", "{4BE52513-A9DC-4408-AEC6-3632EBE90AE2}"
EndProject
Project("{FAE04EC0-301F-11D3-BF4B-00C04F79EFBC}") = "ATM.Client", "ATM.Client\ATM.Client.csproj", "{40EE32FA-9B25-4C34-B257-AD93207386EB}"
EndProject
Global
	GlobalSection(SolutionConfigurationPlatforms) = preSolution
		Debug|Any CPU = Debug|Any CPU
		Release|Any CPU = Release|Any CPU
	EndGlobalSection
	GlobalSection(ProjectConfigurationPlatforms) = postSolution
		{05116529-61D8-46F7-A2B5-D82BEEB0067E}.Debug|Any CPU.ActiveCfg = Debug|Any CPU
		{05116529-61D8-46F7-A2B5-D82BEEB0067E}.Debug|Any CPU.Build.0 = Debug|Any CPU
		{05116529-61D8-46F7-A2B5-D82BEEB0067E}.Release|Any CPU.ActiveCfg = Release|Any CPU
		{05116529-61D8-46F7-A2B5-D82BEEB0067E}.Release|Any CPU.Build.0 = Release|Any CPU
		{4BE52513-A9DC-4408-AEC6-3632EBE90AE2}.Debug|Any CPU.ActiveCfg = Debug|Any CPU
		{4BE52513-A9DC-4408-AEC6-3632EBE90AE2}.Debug|Any CPU.Build.0 = Debug|Any CPU
		{4BE52513-A9DC-4408-AEC6-3632EBE90AE2}.Release|Any CPU.ActiveCfg = Release|Any CPU
		{4BE52513-A9DC-4408-AEC6-3632EBE90AE2}.Release|Any CPU.Build.0 = Release|Any CPU
		{40EE32FA-9B25-4C34-B257-AD93207386EB}.Debug|Any CPU.ActiveCfg = Debug|Any CPU
		{40EE32FA-9B25-4C34-B257-AD93207386EB}.Debug|Any CPU.Build.0 = Debug|Any CPU
		{40EE32FA-9B25-4C34-B257-AD93207386EB}.Release|Any CPU.ActiveCfg = Release|Any CPU
		{40EE32FA-9B25-4C34-B257-AD93207386EB}.Release|Any CPU.Build.0 = Release|Any CPU
	EndGlobalSection
	GlobalSection(SolutionProperties) = preSolution
		HideSolutionNode = FALSE
	EndGlobalSection
EndGlobal
