
Microsoft Visual Studio Solution File, Format Version 12.00
# Visual Studio 2013
VisualStudioVersion = 12.0.30723.0
MinimumVisualStudioVersion = 10.0.40219.1
Project("{FAE04EC0-301F-11D3-BF4B-00C04F79EFBC}") = "BugLogger.Models", "BugLogger.Models\BugLogger.Models.csproj", "{9BA90B2D-AA55-4F25-B6A2-683B6395B807}"
EndProject
Project("{FAE04EC0-301F-11D3-BF4B-00C04F79EFBC}") = "BugLogger.Data", "BugLogger.Data\BugLogger.Data.csproj", "{A0E23155-DC2D-4DDD-A98D-5BFF0A453B67}"
EndProject
Project("{FAE04EC0-301F-11D3-BF4B-00C04F79EFBC}") = "BugLogger.Tests", "BugLogger.Tests\BugLogger.Tests.csproj", "{A51F4ABB-0B4D-47C9-9804-DA98843EA986}"
EndProject
Project("{FAE04EC0-301F-11D3-BF4B-00C04F79EFBC}") = "BugLogger.Services", "BugLogger.Services\BugLogger.Services.csproj", "{F194D2FC-0ED7-4E89-88A7-B1EFFE3F98A4}"
EndProject
Global
	GlobalSection(SolutionConfigurationPlatforms) = preSolution
		Debug|Any CPU = Debug|Any CPU
		Release|Any CPU = Release|Any CPU
	EndGlobalSection
	GlobalSection(ProjectConfigurationPlatforms) = postSolution
		{9BA90B2D-AA55-4F25-B6A2-683B6395B807}.Debug|Any CPU.ActiveCfg = Debug|Any CPU
		{9BA90B2D-AA55-4F25-B6A2-683B6395B807}.Debug|Any CPU.Build.0 = Debug|Any CPU
		{9BA90B2D-AA55-4F25-B6A2-683B6395B807}.Release|Any CPU.ActiveCfg = Release|Any CPU
		{9BA90B2D-AA55-4F25-B6A2-683B6395B807}.Release|Any CPU.Build.0 = Release|Any CPU
		{A0E23155-DC2D-4DDD-A98D-5BFF0A453B67}.Debug|Any CPU.ActiveCfg = Debug|Any CPU
		{A0E23155-DC2D-4DDD-A98D-5BFF0A453B67}.Debug|Any CPU.Build.0 = Debug|Any CPU
		{A0E23155-DC2D-4DDD-A98D-5BFF0A453B67}.Release|Any CPU.ActiveCfg = Release|Any CPU
		{A0E23155-DC2D-4DDD-A98D-5BFF0A453B67}.Release|Any CPU.Build.0 = Release|Any CPU
		{A51F4ABB-0B4D-47C9-9804-DA98843EA986}.Debug|Any CPU.ActiveCfg = Debug|Any CPU
		{A51F4ABB-0B4D-47C9-9804-DA98843EA986}.Debug|Any CPU.Build.0 = Debug|Any CPU
		{A51F4ABB-0B4D-47C9-9804-DA98843EA986}.Release|Any CPU.ActiveCfg = Release|Any CPU
		{A51F4ABB-0B4D-47C9-9804-DA98843EA986}.Release|Any CPU.Build.0 = Release|Any CPU
		{F194D2FC-0ED7-4E89-88A7-B1EFFE3F98A4}.Debug|Any CPU.ActiveCfg = Debug|Any CPU
		{F194D2FC-0ED7-4E89-88A7-B1EFFE3F98A4}.Debug|Any CPU.Build.0 = Debug|Any CPU
		{F194D2FC-0ED7-4E89-88A7-B1EFFE3F98A4}.Release|Any CPU.ActiveCfg = Release|Any CPU
		{F194D2FC-0ED7-4E89-88A7-B1EFFE3F98A4}.Release|Any CPU.Build.0 = Release|Any CPU
	EndGlobalSection
	GlobalSection(SolutionProperties) = preSolution
		HideSolutionNode = FALSE
	EndGlobalSection
EndGlobal
