
Microsoft Visual Studio Solution File, Format Version 12.00
# Visual Studio 2013
VisualStudioVersion = 12.0.21005.1
MinimumVisualStudioVersion = 10.0.40219.1
Project("{FAE04EC0-301F-11D3-BF4B-00C04F79EFBC}") = "AcademyTasks08.02.2012", "AcademyTasks08.02.2012\AcademyTasks08.02.2012.csproj", "{55821174-6402-4BE6-BCB9-CAC948CA98AB}"
EndProject
Project("{FAE04EC0-301F-11D3-BF4B-00C04F79EFBC}") = "3DSlices07.02.2012", "3DSlices07.02.2012\3DSlices07.02.2012.csproj", "{557FAF61-9E47-4F9C-BF9A-AF7A1B12FB60}"
EndProject
Project("{FAE04EC0-301F-11D3-BF4B-00C04F79EFBC}") = "Cooking07.02.2012", "Cooking07.02.2012\Cooking07.02.2012.csproj", "{A20F6EB4-998E-4C47-BC68-E162D6316C25}"
EndProject
Project("{FAE04EC0-301F-11D3-BF4B-00C04F79EFBC}") = "SecretLanguage07.02.2012", "SecretLanguage07.02.2012\SecretLanguage07.02.2012.csproj", "{1F92AFBC-56A7-4544-BDE0-B115AFCE925E}"
EndProject
Project("{FAE04EC0-301F-11D3-BF4B-00C04F79EFBC}") = "7SegmentDisplay06.02.2012", "7SegmentDisplay06.02.2012\7SegmentDisplay06.02.2012.csproj", "{6468E35E-699E-40E8-9A98-DC49DBF0BD72}"
EndProject
Project("{FAE04EC0-301F-11D3-BF4B-00C04F79EFBC}") = "Brackets06.02.2012", "Brackets06.02.2012\Brackets06.02.2012.csproj", "{47897470-68D8-484C-8565-B1F4456191C0}"
EndProject
Project("{FAE04EC0-301F-11D3-BF4B-00C04F79EFBC}") = "TicTacToe2011.2012TestExam", "TicTacToe2011.2012TestExam\TicTacToe2011.2012TestExam.csproj", "{79034343-000F-4459-9F2B-E5AE4C4184D7}"
EndProject
Project("{FAE04EC0-301F-11D3-BF4B-00C04F79EFBC}") = "AirplaneDrinks2011.2012TestExam", "AirplaneDrinks2011.2012TestExam\AirplaneDrinks2011.2012TestExam.csproj", "{143E4E65-502A-44AD-A55D-D2E374924F80}"
EndProject
Project("{FAE04EC0-301F-11D3-BF4B-00C04F79EFBC}") = "CleanCode2011.2012SampleExam", "CleanCode2011.2012SampleExam\CleanCode2011.2012SampleExam.csproj", "{A8851431-27BD-41D4-948E-68B9BD2E9960}"
EndProject
Project("{FAE04EC0-301F-11D3-BF4B-00C04F79EFBC}") = "3DMaxWalk", "3DMaxWalk\3DMaxWalk.csproj", "{8256BA0E-F860-479A-B2B0-637DAC7A4D95}"
EndProject
Project("{FAE04EC0-301F-11D3-BF4B-00C04F79EFBC}") = "3DSlides04.02.2013", "3DSlides04.02.2013\3DSlides04.02.2013.csproj", "{4D27821F-5757-4FEF-800F-A008779C7066}"
EndProject
Project("{FAE04EC0-301F-11D3-BF4B-00C04F79EFBC}") = "OneTaskIsNotEnough04.02.2013", "OneTaskIsNotEnough04.02.2013\OneTaskIsNotEnough04.02.2013.csproj", "{F032378E-3BC6-49D0-807D-2CA854E28D1D}"
EndProject
Project("{FAE04EC0-301F-11D3-BF4B-00C04F79EFBC}") = "ThreeInOne11.09.2012", "ThreeInOne11.09.2012\ThreeInOne11.09.2012.csproj", "{0FEA6AC6-8419-4B0C-8B2F-E8C154813ABF}"
EndProject
Project("{FAE04EC0-301F-11D3-BF4B-00C04F79EFBC}") = "KukataIsDancing", "KukataIsDancing\KukataIsDancing.csproj", "{54067BF0-A762-442B-A5F9-84371A9F6ECB}"
EndProject
Global
	GlobalSection(SolutionConfigurationPlatforms) = preSolution
		Debug|Any CPU = Debug|Any CPU
		Release|Any CPU = Release|Any CPU
	EndGlobalSection
	GlobalSection(ProjectConfigurationPlatforms) = postSolution
		{55821174-6402-4BE6-BCB9-CAC948CA98AB}.Debug|Any CPU.ActiveCfg = Debug|Any CPU
		{55821174-6402-4BE6-BCB9-CAC948CA98AB}.Debug|Any CPU.Build.0 = Debug|Any CPU
		{55821174-6402-4BE6-BCB9-CAC948CA98AB}.Release|Any CPU.ActiveCfg = Release|Any CPU
		{55821174-6402-4BE6-BCB9-CAC948CA98AB}.Release|Any CPU.Build.0 = Release|Any CPU
		{557FAF61-9E47-4F9C-BF9A-AF7A1B12FB60}.Debug|Any CPU.ActiveCfg = Debug|Any CPU
		{557FAF61-9E47-4F9C-BF9A-AF7A1B12FB60}.Debug|Any CPU.Build.0 = Debug|Any CPU
		{557FAF61-9E47-4F9C-BF9A-AF7A1B12FB60}.Release|Any CPU.ActiveCfg = Release|Any CPU
		{557FAF61-9E47-4F9C-BF9A-AF7A1B12FB60}.Release|Any CPU.Build.0 = Release|Any CPU
		{A20F6EB4-998E-4C47-BC68-E162D6316C25}.Debug|Any CPU.ActiveCfg = Debug|Any CPU
		{A20F6EB4-998E-4C47-BC68-E162D6316C25}.Debug|Any CPU.Build.0 = Debug|Any CPU
		{A20F6EB4-998E-4C47-BC68-E162D6316C25}.Release|Any CPU.ActiveCfg = Release|Any CPU
		{A20F6EB4-998E-4C47-BC68-E162D6316C25}.Release|Any CPU.Build.0 = Release|Any CPU
		{1F92AFBC-56A7-4544-BDE0-B115AFCE925E}.Debug|Any CPU.ActiveCfg = Debug|Any CPU
		{1F92AFBC-56A7-4544-BDE0-B115AFCE925E}.Debug|Any CPU.Build.0 = Debug|Any CPU
		{1F92AFBC-56A7-4544-BDE0-B115AFCE925E}.Release|Any CPU.ActiveCfg = Release|Any CPU
		{1F92AFBC-56A7-4544-BDE0-B115AFCE925E}.Release|Any CPU.Build.0 = Release|Any CPU
		{6468E35E-699E-40E8-9A98-DC49DBF0BD72}.Debug|Any CPU.ActiveCfg = Debug|Any CPU
		{6468E35E-699E-40E8-9A98-DC49DBF0BD72}.Debug|Any CPU.Build.0 = Debug|Any CPU
		{6468E35E-699E-40E8-9A98-DC49DBF0BD72}.Release|Any CPU.ActiveCfg = Release|Any CPU
		{6468E35E-699E-40E8-9A98-DC49DBF0BD72}.Release|Any CPU.Build.0 = Release|Any CPU
		{47897470-68D8-484C-8565-B1F4456191C0}.Debug|Any CPU.ActiveCfg = Debug|Any CPU
		{47897470-68D8-484C-8565-B1F4456191C0}.Debug|Any CPU.Build.0 = Debug|Any CPU
		{47897470-68D8-484C-8565-B1F4456191C0}.Release|Any CPU.ActiveCfg = Release|Any CPU
		{47897470-68D8-484C-8565-B1F4456191C0}.Release|Any CPU.Build.0 = Release|Any CPU
		{79034343-000F-4459-9F2B-E5AE4C4184D7}.Debug|Any CPU.ActiveCfg = Debug|Any CPU
		{79034343-000F-4459-9F2B-E5AE4C4184D7}.Debug|Any CPU.Build.0 = Debug|Any CPU
		{79034343-000F-4459-9F2B-E5AE4C4184D7}.Release|Any CPU.ActiveCfg = Release|Any CPU
		{79034343-000F-4459-9F2B-E5AE4C4184D7}.Release|Any CPU.Build.0 = Release|Any CPU
		{143E4E65-502A-44AD-A55D-D2E374924F80}.Debug|Any CPU.ActiveCfg = Debug|Any CPU
		{143E4E65-502A-44AD-A55D-D2E374924F80}.Debug|Any CPU.Build.0 = Debug|Any CPU
		{143E4E65-502A-44AD-A55D-D2E374924F80}.Release|Any CPU.ActiveCfg = Release|Any CPU
		{143E4E65-502A-44AD-A55D-D2E374924F80}.Release|Any CPU.Build.0 = Release|Any CPU
		{A8851431-27BD-41D4-948E-68B9BD2E9960}.Debug|Any CPU.ActiveCfg = Debug|Any CPU
		{A8851431-27BD-41D4-948E-68B9BD2E9960}.Debug|Any CPU.Build.0 = Debug|Any CPU
		{A8851431-27BD-41D4-948E-68B9BD2E9960}.Release|Any CPU.ActiveCfg = Release|Any CPU
		{A8851431-27BD-41D4-948E-68B9BD2E9960}.Release|Any CPU.Build.0 = Release|Any CPU
		{8256BA0E-F860-479A-B2B0-637DAC7A4D95}.Debug|Any CPU.ActiveCfg = Debug|Any CPU
		{8256BA0E-F860-479A-B2B0-637DAC7A4D95}.Debug|Any CPU.Build.0 = Debug|Any CPU
		{8256BA0E-F860-479A-B2B0-637DAC7A4D95}.Release|Any CPU.ActiveCfg = Release|Any CPU
		{8256BA0E-F860-479A-B2B0-637DAC7A4D95}.Release|Any CPU.Build.0 = Release|Any CPU
		{4D27821F-5757-4FEF-800F-A008779C7066}.Debug|Any CPU.ActiveCfg = Debug|Any CPU
		{4D27821F-5757-4FEF-800F-A008779C7066}.Debug|Any CPU.Build.0 = Debug|Any CPU
		{4D27821F-5757-4FEF-800F-A008779C7066}.Release|Any CPU.ActiveCfg = Release|Any CPU
		{4D27821F-5757-4FEF-800F-A008779C7066}.Release|Any CPU.Build.0 = Release|Any CPU
		{F032378E-3BC6-49D0-807D-2CA854E28D1D}.Debug|Any CPU.ActiveCfg = Debug|Any CPU
		{F032378E-3BC6-49D0-807D-2CA854E28D1D}.Debug|Any CPU.Build.0 = Debug|Any CPU
		{F032378E-3BC6-49D0-807D-2CA854E28D1D}.Release|Any CPU.ActiveCfg = Release|Any CPU
		{F032378E-3BC6-49D0-807D-2CA854E28D1D}.Release|Any CPU.Build.0 = Release|Any CPU
		{0FEA6AC6-8419-4B0C-8B2F-E8C154813ABF}.Debug|Any CPU.ActiveCfg = Debug|Any CPU
		{0FEA6AC6-8419-4B0C-8B2F-E8C154813ABF}.Debug|Any CPU.Build.0 = Debug|Any CPU
		{0FEA6AC6-8419-4B0C-8B2F-E8C154813ABF}.Release|Any CPU.ActiveCfg = Release|Any CPU
		{0FEA6AC6-8419-4B0C-8B2F-E8C154813ABF}.Release|Any CPU.Build.0 = Release|Any CPU
		{54067BF0-A762-442B-A5F9-84371A9F6ECB}.Debug|Any CPU.ActiveCfg = Debug|Any CPU
		{54067BF0-A762-442B-A5F9-84371A9F6ECB}.Debug|Any CPU.Build.0 = Debug|Any CPU
		{54067BF0-A762-442B-A5F9-84371A9F6ECB}.Release|Any CPU.ActiveCfg = Release|Any CPU
		{54067BF0-A762-442B-A5F9-84371A9F6ECB}.Release|Any CPU.Build.0 = Release|Any CPU
	EndGlobalSection
	GlobalSection(SolutionProperties) = preSolution
		HideSolutionNode = FALSE
	EndGlobalSection
EndGlobal
