
Microsoft Visual Studio Solution File, Format Version 12.00
# Visual Studio 2013
VisualStudioVersion = 12.0.30110.0
MinimumVisualStudioVersion = 10.0.40219.1
Project("{FAE04EC0-301F-11D3-BF4B-00C04F79EFBC}") = "01.Chef", "01.Chef\01.Chef.csproj", "{AFD2E860-FB18-4263-91E3-1F53E4040601}"
EndProject
Project("{FAE04EC0-301F-11D3-BF4B-00C04F79EFBC}") = "02.RefactorIfStatements", "02.RefactorIfStatements\02.RefactorIfStatements.csproj", "{DBCB90C6-31D0-4770-8C15-5F7D5873E6F3}"
EndProject
Project("{FAE04EC0-301F-11D3-BF4B-00C04F79EFBC}") = "03.RefactorLoop", "03.RefactorLoop\03.RefactorLoop.csproj", "{ED420428-956C-4D3E-8DFE-AA034008F175}"
EndProject
Global
	GlobalSection(SolutionConfigurationPlatforms) = preSolution
		Debug|Any CPU = Debug|Any CPU
		Release|Any CPU = Release|Any CPU
	EndGlobalSection
	GlobalSection(ProjectConfigurationPlatforms) = postSolution
		{AFD2E860-FB18-4263-91E3-1F53E4040601}.Debug|Any CPU.ActiveCfg = Debug|Any CPU
		{AFD2E860-FB18-4263-91E3-1F53E4040601}.Debug|Any CPU.Build.0 = Debug|Any CPU
		{AFD2E860-FB18-4263-91E3-1F53E4040601}.Release|Any CPU.ActiveCfg = Release|Any CPU
		{AFD2E860-FB18-4263-91E3-1F53E4040601}.Release|Any CPU.Build.0 = Release|Any CPU
		{DBCB90C6-31D0-4770-8C15-5F7D5873E6F3}.Debug|Any CPU.ActiveCfg = Debug|Any CPU
		{DBCB90C6-31D0-4770-8C15-5F7D5873E6F3}.Debug|Any CPU.Build.0 = Debug|Any CPU
		{DBCB90C6-31D0-4770-8C15-5F7D5873E6F3}.Release|Any CPU.ActiveCfg = Release|Any CPU
		{DBCB90C6-31D0-4770-8C15-5F7D5873E6F3}.Release|Any CPU.Build.0 = Release|Any CPU
		{ED420428-956C-4D3E-8DFE-AA034008F175}.Debug|Any CPU.ActiveCfg = Debug|Any CPU
		{ED420428-956C-4D3E-8DFE-AA034008F175}.Debug|Any CPU.Build.0 = Debug|Any CPU
		{ED420428-956C-4D3E-8DFE-AA034008F175}.Release|Any CPU.ActiveCfg = Release|Any CPU
		{ED420428-956C-4D3E-8DFE-AA034008F175}.Release|Any CPU.Build.0 = Release|Any CPU
	EndGlobalSection
	GlobalSection(SolutionProperties) = preSolution
		HideSolutionNode = FALSE
	EndGlobalSection
EndGlobal
